{
  "lockfile_version": "1",
  "packages": {
    "watchexec@latest": {
      "last_modified": "2025-05-16T20:19:48Z",
      "resolved": "github:NixOS/nixpkgs/12a55407652e04dcf2309436eb06fef0d3713ef3#watchexec",
      "source": "devbox-search",
      "version": "2.3.1",
      "systems": {
        "aarch64-darwin": {
          "outputs": [
            {
              "name": "out",
              "path": "/nix/store/jnym7b7mkqp954axgpr5nq1lgs0pqjak-watchexec-2.3.1",
              "default": true
            }
          ],
          "store_path": "/nix/store/jnym7b7mkqp954axgpr5nq1lgs0pqjak-watchexec-2.3.1"
        },
        "aarch64-linux": {
          "outputs": [
            {
              "name": "out",
              "path": "/nix/store/y7qxvpimc2yb9iv7mxfnw68yzrnbsjff-watchexec-2.3.1",
              "default": true
            }
          ],
          "store_path": "/nix/store/y7qxvpimc2yb9iv7mxfnw68yzrnbsjff-watchexec-2.3.1"
        },
        "x86_64-darwin": {
          "outputs": [
            {
              "name": "out",
              "path": "/nix/store/y7ijz67ibp25zs108slscdlaqgqg02fc-watchexec-2.3.1",
              "default": true
            }
          ],
          "store_path": "/nix/store/y7ijz67ibp25zs108slscdlaqgqg02fc-watchexec-2.3.1"
        },
        "x86_64-linux": {
          "outputs": [
            {
              "name": "out",
              "path": "/nix/store/mf5w61chzs3s4nhgsqpnq1kfhnmv8wx8-watchexec-2.3.1",
              "default": true
            }
          ],
          "store_path": "/nix/store/mf5w61chzs3s4nhgsqpnq1kfhnmv8wx8-watchexec-2.3.1"
        }
      }
    },
    "zig@latest": {
      "last_modified": "2025-05-16T20:19:48Z",
      "resolved": "github:NixOS/nixpkgs/12a55407652e04dcf2309436eb06fef0d3713ef3#zig",
      "source": "devbox-search",
      "version": "0.14.0",
      "systems": {
        "aarch64-darwin": {
          "outputs": [
            {
              "name": "out",
              "path": "/nix/store/1v123fypk9k42ylkiczvf26ypqzzipb1-zig-0.14.0",
              "default": true
            },
            {
              "name": "doc",
              "path": "/nix/store/89n5km2nhs92vgxdqw7631q598m1wr08-zig-0.14.0-doc"
            }
          ],
          "store_path": "/nix/store/1v123fypk9k42ylkiczvf26ypqzzipb1-zig-0.14.0"
        },
        "aarch64-linux": {
          "outputs": [
            {
              "name": "out",
              "path": "/nix/store/zlmy7b42jyy7pdv5idmpgr0xbmw9bg6a-zig-0.14.0",
              "default": true
            },
            {
              "name": "doc",
              "path": "/nix/store/5ck64yanxrb9znmbqnjxqvxgfv92fzj1-zig-0.14.0-doc"
            }
          ],
          "store_path": "/nix/store/zlmy7b42jyy7pdv5idmpgr0xbmw9bg6a-zig-0.14.0"
        },
        "x86_64-darwin": {
          "outputs": [
            {
              "name": "out",
              "path": "/nix/store/ai3m5qfrcygnc8f1i26qd24w834x107n-zig-0.14.0",
              "default": true
            },
            {
              "name": "doc",
              "path": "/nix/store/84w5f0l70cg4qrbn5j45gdvlnkiqrjsx-zig-0.14.0-doc"
            }
          ],
          "store_path": "/nix/store/ai3m5qfrcygnc8f1i26qd24w834x107n-zig-0.14.0"
        },
        "x86_64-linux": {
          "outputs": [
            {
              "name": "out",
              "path": "/nix/store/hmmxm8rfbmdvcd45xi7h42zsyi4crbrb-zig-0.14.0",
              "default": true
            },
            {
              "name": "doc",
              "path": "/nix/store/m2npfjy6g1k5vji5bq7ax74hcgx2vg75-zig-0.14.0-doc"
            }
          ],
          "store_path": "/nix/store/hmmxm8rfbmdvcd45xi7h42zsyi4crbrb-zig-0.14.0"
        }
      }
    },
    "zls@latest": {
      "last_modified": "2025-05-16T20:19:48Z",
      "resolved": "github:NixOS/nixpkgs/12a55407652e04dcf2309436eb06fef0d3713ef3#zls",
      "source": "devbox-search",
      "version": "0.14.0",
      "systems": {
        "aarch64-darwin": {
          "outputs": [
            {
              "name": "out",
              "path": "/nix/store/4ggs2rg2gl1f3fv0zymglz1ddh4yfhkf-zls-0.14.0",
              "default": true
            }
          ],
          "store_path": "/nix/store/4ggs2rg2gl1f3fv0zymglz1ddh4yfhkf-zls-0.14.0"
        },
        "aarch64-linux": {
          "outputs": [
            {
              "name": "out",
              "path": "/nix/store/8wm4h46wqia4wbm47hp8k33wi07ghw6l-zls-0.14.0",
              "default": true
            }
          ],
          "store_path": "/nix/store/8wm4h46wqia4wbm47hp8k33wi07ghw6l-zls-0.14.0"
        },
        "x86_64-darwin": {
          "outputs": [
            {
              "name": "out",
              "path": "/nix/store/s1y2lsv3cnxm697snhjkfmblbmpcwdfm-zls-0.14.0",
              "default": true
            }
          ],
          "store_path": "/nix/store/s1y2lsv3cnxm697snhjkfmblbmpcwdfm-zls-0.14.0"
        },
        "x86_64-linux": {
          "outputs": [
            {
              "name": "out",
              "path": "/nix/store/35pl7wlm14ddvh2ac8xzg4sws6p4d3am-zls-0.14.0",
              "default": true
            }
          ],
          "store_path": "/nix/store/35pl7wlm14ddvh2ac8xzg4sws6p4d3am-zls-0.14.0"
        }
      }
    }
  }
}
