{
  "lockfile_version": "1",
  "packages": {
    "watchexec@latest": {
      "last_modified": "2024-11-16T04:25:12Z",
      "resolved": "github:NixOS/nixpkgs/34a626458d686f1b58139620a8b2793e9e123bba#watchexec",
      "source": "devbox-search",
      "version": "2.2.0",
      "systems": {
        "aarch64-darwin": {
          "outputs": [
            {
              "name": "out",
              "path": "/nix/store/7ky02jx15zvw94bn60slkpr9db76v6k8-watchexec-2.2.0",
              "default": true
            }
          ],
          "store_path": "/nix/store/7ky02jx15zvw94bn60slkpr9db76v6k8-watchexec-2.2.0"
        },
        "aarch64-linux": {
          "outputs": [
            {
              "name": "out",
              "path": "/nix/store/z17jl0z2386rfj8lybpjmb474w91w96i-watchexec-2.2.0",
              "default": true
            }
          ],
          "store_path": "/nix/store/z17jl0z2386rfj8lybpjmb474w91w96i-watchexec-2.2.0"
        },
        "x86_64-darwin": {
          "outputs": [
            {
              "name": "out",
              "path": "/nix/store/8650k2dd5alasrxnl2250sn5dgi8wggj-watchexec-2.2.0",
              "default": true
            }
          ],
          "store_path": "/nix/store/8650k2dd5alasrxnl2250sn5dgi8wggj-watchexec-2.2.0"
        },
        "x86_64-linux": {
          "outputs": [
            {
              "name": "out",
              "path": "/nix/store/g8v4p1dnw9w164fy9is845ji86y9dm62-watchexec-2.2.0",
              "default": true
            }
          ],
          "store_path": "/nix/store/g8v4p1dnw9w164fy9is845ji86y9dm62-watchexec-2.2.0"
        }
      }
    },
    "zig@0.13.0": {
      "last_modified": "2024-11-28T07:51:56Z",
      "resolved": "github:NixOS/nixpkgs/226216574ada4c3ecefcbbec41f39ce4655f78ef#zig",
      "source": "devbox-search",
      "version": "0.13.0",
      "systems": {
        "aarch64-darwin": {
          "outputs": [
            {
              "name": "out",
              "path": "/nix/store/hghrph0i4b5dszz2zpimwsspm9gcf577-zig-0.13.0",
              "default": true
            },
            {
              "name": "doc",
              "path": "/nix/store/axnrhkixdyhpbnmhhjqf1f7ll352c9c0-zig-0.13.0-doc"
            }
          ],
          "store_path": "/nix/store/hghrph0i4b5dszz2zpimwsspm9gcf577-zig-0.13.0"
        },
        "aarch64-linux": {
          "outputs": [
            {
              "name": "out",
              "path": "/nix/store/b382vhh6snxwj856jzqnv3gyzilmajck-zig-0.13.0",
              "default": true
            },
            {
              "name": "doc",
              "path": "/nix/store/s2b2p0x8zlma1p9ia24axv81iva9c58y-zig-0.13.0-doc"
            }
          ],
          "store_path": "/nix/store/b382vhh6snxwj856jzqnv3gyzilmajck-zig-0.13.0"
        },
        "x86_64-darwin": {
          "outputs": [
            {
              "name": "out",
              "path": "/nix/store/nij1rb87n0fyw0chdv2pfrgz9daidsmz-zig-0.13.0",
              "default": true
            },
            {
              "name": "doc",
              "path": "/nix/store/iwrxi2xd2j19zrsw8drm37ya765h71vl-zig-0.13.0-doc"
            }
          ],
          "store_path": "/nix/store/nij1rb87n0fyw0chdv2pfrgz9daidsmz-zig-0.13.0"
        },
        "x86_64-linux": {
          "outputs": [
            {
              "name": "out",
              "path": "/nix/store/j9sp79vdhz4l6lfnvzhvcprhar803zr3-zig-0.13.0",
              "default": true
            },
            {
              "name": "doc",
              "path": "/nix/store/z8y8cwy81viw4n0mmf647mvk8ni8wip8-zig-0.13.0-doc"
            }
          ],
          "store_path": "/nix/store/j9sp79vdhz4l6lfnvzhvcprhar803zr3-zig-0.13.0"
        }
      }
    },
    "zls@latest": {
      "last_modified": "2024-11-28T07:51:56Z",
      "resolved": "github:NixOS/nixpkgs/226216574ada4c3ecefcbbec41f39ce4655f78ef#zls",
      "source": "devbox-search",
      "version": "0.13.0",
      "systems": {
        "aarch64-darwin": {
          "outputs": [
            {
              "name": "out",
              "path": "/nix/store/pdkil91nkbcb4bbyvzqh6nx4bmikgydv-zls-0.13.0",
              "default": true
            }
          ],
          "store_path": "/nix/store/pdkil91nkbcb4bbyvzqh6nx4bmikgydv-zls-0.13.0"
        },
        "aarch64-linux": {
          "outputs": [
            {
              "name": "out",
              "path": "/nix/store/f1fmavcvhg07v4hm5x97n9vjmha7xm61-zls-0.13.0",
              "default": true
            }
          ],
          "store_path": "/nix/store/f1fmavcvhg07v4hm5x97n9vjmha7xm61-zls-0.13.0"
        },
        "x86_64-darwin": {
          "outputs": [
            {
              "name": "out",
              "path": "/nix/store/r7yx0g2dsxwff982zdf24n4ypv53nkqc-zls-0.13.0",
              "default": true
            }
          ],
          "store_path": "/nix/store/r7yx0g2dsxwff982zdf24n4ypv53nkqc-zls-0.13.0"
        },
        "x86_64-linux": {
          "outputs": [
            {
              "name": "out",
              "path": "/nix/store/qc5cj35bb9fmg95zazhshi1j87asas83-zls-0.13.0",
              "default": true
            }
          ],
          "store_path": "/nix/store/qc5cj35bb9fmg95zazhshi1j87asas83-zls-0.13.0"
        }
      }
    }
  }
}
